
Microsoft Visual Studio Solution File, Format Version 12.00
# Visual Studio Version 17
VisualStudioVersion = 17.6.33723.286
MinimumVisualStudioVersion = 10.0.40219.1
Project("{FAE04EC0-301F-11D3-BF4B-00C04F79EFBC}") = "casp3r", "casp3r\casp3r.csproj", "{C871EC3B-7FB7-435A-A50E-C10A350580E4}"
EndProject
Global
	GlobalSection(SolutionConfigurationPlatforms) = preSolution
		Debug|Any CPU = Debug|Any CPU
		Release|Any CPU = Release|Any CPU
	EndGlobalSection
	GlobalSection(ProjectConfigurationPlatforms) = postSolution
		{C871EC3B-7FB7-435A-A50E-C10A350580E4}.Debug|Any CPU.ActiveCfg = Debug|Any CPU
		{C871EC3B-7FB7-435A-A50E-C10A350580E4}.Debug|Any CPU.Build.0 = Debug|Any CPU
		{C871EC3B-7FB7-435A-A50E-C10A350580E4}.Release|Any CPU.ActiveCfg = Release|Any CPU
		{C871EC3B-7FB7-435A-A50E-C10A350580E4}.Release|Any CPU.Build.0 = Release|Any CPU
	EndGlobalSection
	GlobalSection(SolutionProperties) = preSolution
		HideSolutionNode = FALSE
	EndGlobalSection
	GlobalSection(ExtensibilityGlobals) = postSolution
		SolutionGuid = {82C835D6-54F7-4100-B006-F4EDD6C9A04D}
	EndGlobalSection
EndGlobal
